
Microsoft Visual Studio Solution File, Format Version 12.00
# Visual Studio Version 17
VisualStudioVersion = 17.13.35913.81 d17.13
MinimumVisualStudioVersion = 10.0.40219.1
Project("{FAE04EC0-301F-11D3-BF4B-00C04F79EFBC}") = "projet", "projet.csproj", "{D3F9C77D-8CC4-432C-A69E-170696EA393A}"
EndProject
Global
	GlobalSection(SolutionConfigurationPlatforms) = preSolution
		Debug|Any CPU = Debug|Any CPU
		Release|Any CPU = Release|Any CPU
	EndGlobalSection
	GlobalSection(ProjectConfigurationPlatforms) = postSolution
		{D3F9C77D-8CC4-432C-A69E-170696EA393A}.Debug|Any CPU.ActiveCfg = Debug|Any CPU
		{D3F9C77D-8CC4-432C-A69E-170696EA393A}.Debug|Any CPU.Build.0 = Debug|Any CPU
		{D3F9C77D-8CC4-432C-A69E-170696EA393A}.Release|Any CPU.ActiveCfg = Release|Any CPU
		{D3F9C77D-8CC4-432C-A69E-170696EA393A}.Release|Any CPU.Build.0 = Release|Any CPU
	EndGlobalSection
	GlobalSection(SolutionProperties) = preSolution
		HideSolutionNode = FALSE
	EndGlobalSection
	GlobalSection(ExtensibilityGlobals) = postSolution
		SolutionGuid = {0B701A83-CB1D-4204-B504-8AAF9C7E2A29}
	EndGlobalSection
EndGlobal
